{
  "requires": true,
  "lockfileVersion": 1,
  "dependencies": {
    "@babel/runtime": {
      "version": "7.16.0",
      "resolved": "https://registry.npmjs.org/@babel/runtime/-/runtime-7.16.0.tgz",
      "integrity": "sha512-Nht8L0O8YCktmsDV6FqFue7vQLRx3Hb0B37lS5y0jDRqRxlBG4wIJHnf9/bgSE2UyipKFA01YtS+npRdTWBUyw==",
      "requires": {
        "regenerator-runtime": "^0.13.4"
      }
    },
    "components": {
      "version": "0.1.0",
      "resolved": "https://registry.npmjs.org/components/-/components-0.1.0.tgz",
      "integrity": "sha1-IFfAjpx78mYv7slcSeX/Kpq4XtU="
    },
    "history": {
      "version": "5.1.0",
      "resolved": "https://registry.npmjs.org/history/-/history-5.1.0.tgz",
      "integrity": "sha512-zPuQgPacm2vH2xdORvGGz1wQMuHSIB56yNAy5FnLuwOwgSYyPKptJtcMm6Ev+hRGeS+GzhbmRacHzvlESbFwDg==",
      "requires": {
        "@babel/runtime": "^7.7.6"
      }
    },
    "p-sleep": {
      "version": "1.1.0",
      "resolved": "https://registry.npmjs.org/p-sleep/-/p-sleep-1.1.0.tgz",
      "integrity": "sha512-bwP3GKZirBUYMtiUuBrheLUQdRXVeE/pmHOaLpNJzNfAD4b5AjDn6l823brXcQFade4G/g7GMNQ3KV86E8EaEw=="
    },
    "react-icons": {
      "version": "4.3.1",
      "resolved": "https://registry.npmjs.org/react-icons/-/react-icons-4.3.1.tgz",
      "integrity": "sha512-cB10MXLTs3gVuXimblAdI71jrJx8njrJZmNMEMC+sQu5B/BIOmlsAjskdqpn81y8UBVEGuHODd7/ci5DvoSzTQ=="
    },
    "react-rating-stars-component": {
      "version": "2.2.0",
      "resolved": "https://registry.npmjs.org/react-rating-stars-component/-/react-rating-stars-component-2.2.0.tgz",
      "integrity": "sha512-A3lgLxumfFQQicKQmxacZ91fq/zRaVWlCPnVodJmJV6obvod4/yCotetN9WuyBiUfnKsEFDBo/8B85ocwmL7ng=="
    },
    "react-router": {
      "version": "6.0.0",
      "resolved": "https://registry.npmjs.org/react-router/-/react-router-6.0.0.tgz",
      "integrity": "sha512-FcTRCihYZvERMNbG54D9+Wkv2cj/OtoxNlA/87D7vxKYlmSmbF9J9XChI9Is44j/behEiOhbovgVZBhKQn+wgA==",
      "requires": {
        "history": "^5.0.3"
      }
    },
    "react-router-dom": {
      "version": "6.0.0",
      "resolved": "https://registry.npmjs.org/react-router-dom/-/react-router-dom-6.0.0.tgz",
      "integrity": "sha512-bPXyYipf0zu6K7mHSEmNO5YqLKq2q9N+Dsahw9Xh3oq1IirsI3vbnIYcVWin6A0zWyHmKhMGoV7Gr0j0kcuVFg==",
      "requires": {
        "react-router": "6.0.0"
      }
    },
    "react-tinder-card": {
      "version": "1.4.5",
      "resolved": "https://registry.npmjs.org/react-tinder-card/-/react-tinder-card-1.4.5.tgz",
      "integrity": "sha512-VUdAZQiWoFClTe6Evua4sjYy3L3bSYvoWgEMNroiRoK0h5AsfqDXCfhaizUczN6gEUe0mvVDd4bZcQ1qR4sI7Q==",
      "requires": {
        "p-sleep": "^1.1.0"
      }
    },
    "regenerator-runtime": {
      "version": "0.13.9",
      "resolved": "https://registry.npmjs.org/regenerator-runtime/-/regenerator-runtime-0.13.9.tgz",
      "integrity": "sha512-p3VT+cOEgxFsRRA9X4lkI1E+k2/CtnKtU4gcxyaCUreilL/vqI6CdZ3wxVUx3UOUg+gnUOQQcRI7BmSI656MYA=="
    },
    "styled": {
      "version": "1.0.0",
      "resolved": "https://registry.npmjs.org/styled/-/styled-1.0.0.tgz",
      "integrity": "sha1-S0/ztd8GEBaHCr/XF3/2kW6u3GA="
    }
  }
}
